
Microsoft Visual Studio Solution File, Format Version 12.00
# Visual Studio Version 17
VisualStudioVersion = 17.1.32421.90
MinimumVisualStudioVersion = 10.0.40219.1
Project("{9A19103F-16F7-4668-BE54-9A1E7A4F7556}") = "BookManagementAPI", "BookManagementAPI\BookManagementAPI.csproj", "{ED834404-95E0-49E8-B5A4-22EF4FD87687}"
EndProject
Project("{9A19103F-16F7-4668-BE54-9A1E7A4F7556}") = "BusinessObject", "BusinessObject\BusinessObject.csproj", "{EA6E34A7-4E8A-4E14-8F6A-02C546F3E8F6}"
EndProject
Project("{9A19103F-16F7-4668-BE54-9A1E7A4F7556}") = "Repository", "Repository\Repository.csproj", "{5B8EC567-D7B5-4F48-8AF8-3F17FAB3212C}"
EndProject
Project("{9A19103F-16F7-4668-BE54-9A1E7A4F7556}") = "DAO", "DAO\DAO.csproj", "{F5714FA0-8CB0-42E9-8076-6445B8C94ECF}"
EndProject
Project("{FAE04EC0-301F-11D3-BF4B-00C04F79EFBC}") = "BookManagementClient", "BookManagementClient\BookManagementClient.csproj", "{9C7D3892-430F-4127-B6DA-71CC58C75E1A}"
EndProject
Global
	GlobalSection(SolutionConfigurationPlatforms) = preSolution
		Debug|Any CPU = Debug|Any CPU
		Release|Any CPU = Release|Any CPU
	EndGlobalSection
	GlobalSection(ProjectConfigurationPlatforms) = postSolution
		{ED834404-95E0-49E8-B5A4-22EF4FD87687}.Debug|Any CPU.ActiveCfg = Debug|Any CPU
		{ED834404-95E0-49E8-B5A4-22EF4FD87687}.Debug|Any CPU.Build.0 = Debug|Any CPU
		{ED834404-95E0-49E8-B5A4-22EF4FD87687}.Release|Any CPU.ActiveCfg = Release|Any CPU
		{ED834404-95E0-49E8-B5A4-22EF4FD87687}.Release|Any CPU.Build.0 = Release|Any CPU
		{EA6E34A7-4E8A-4E14-8F6A-02C546F3E8F6}.Debug|Any CPU.ActiveCfg = Debug|Any CPU
		{EA6E34A7-4E8A-4E14-8F6A-02C546F3E8F6}.Debug|Any CPU.Build.0 = Debug|Any CPU
		{EA6E34A7-4E8A-4E14-8F6A-02C546F3E8F6}.Release|Any CPU.ActiveCfg = Release|Any CPU
		{EA6E34A7-4E8A-4E14-8F6A-02C546F3E8F6}.Release|Any CPU.Build.0 = Release|Any CPU
		{5B8EC567-D7B5-4F48-8AF8-3F17FAB3212C}.Debug|Any CPU.ActiveCfg = Debug|Any CPU
		{5B8EC567-D7B5-4F48-8AF8-3F17FAB3212C}.Debug|Any CPU.Build.0 = Debug|Any CPU
		{5B8EC567-D7B5-4F48-8AF8-3F17FAB3212C}.Release|Any CPU.ActiveCfg = Release|Any CPU
		{5B8EC567-D7B5-4F48-8AF8-3F17FAB3212C}.Release|Any CPU.Build.0 = Release|Any CPU
		{F5714FA0-8CB0-42E9-8076-6445B8C94ECF}.Debug|Any CPU.ActiveCfg = Debug|Any CPU
		{F5714FA0-8CB0-42E9-8076-6445B8C94ECF}.Debug|Any CPU.Build.0 = Debug|Any CPU
		{F5714FA0-8CB0-42E9-8076-6445B8C94ECF}.Release|Any CPU.ActiveCfg = Release|Any CPU
		{F5714FA0-8CB0-42E9-8076-6445B8C94ECF}.Release|Any CPU.Build.0 = Release|Any CPU
		{9C7D3892-430F-4127-B6DA-71CC58C75E1A}.Debug|Any CPU.ActiveCfg = Debug|Any CPU
		{9C7D3892-430F-4127-B6DA-71CC58C75E1A}.Debug|Any CPU.Build.0 = Debug|Any CPU
		{9C7D3892-430F-4127-B6DA-71CC58C75E1A}.Release|Any CPU.ActiveCfg = Release|Any CPU
		{9C7D3892-430F-4127-B6DA-71CC58C75E1A}.Release|Any CPU.Build.0 = Release|Any CPU
	EndGlobalSection
	GlobalSection(SolutionProperties) = preSolution
		HideSolutionNode = FALSE
	EndGlobalSection
	GlobalSection(ExtensibilityGlobals) = postSolution
		SolutionGuid = {834437F3-394D-4AC9-8A55-2DD18E843EE5}
	EndGlobalSection
EndGlobal
